
Microsoft Visual Studio Solution File, Format Version 12.00
# Visual Studio 15
VisualStudioVersion = 15.0.28307.106
MinimumVisualStudioVersion = 10.0.40219.1
Project("{FAE04EC0-301F-11D3-BF4B-00C04F79EFBC}") = "JISdata", "JISdata\JISdata.csproj", "{E944A868-67DE-40A9-92B1-64D911915E73}"
EndProject
Project("{FAE04EC0-301F-11D3-BF4B-00C04F79EFBC}") = "JIScore", "JIScore\JIScore.csproj", "{CA35082B-57F9-424D-9CAF-7C8C31CDD17B}"
EndProject
Project("{FAE04EC0-301F-11D3-BF4B-00C04F79EFBC}") = "JISdesktop", "JISdesktop\JISdesktop.csproj", "{6898D420-F604-4657-848E-42A387644962}"
EndProject
Project("{9A19103F-16F7-4668-BE54-9A1E7A4F7556}") = "JISweb", "JISweb\JISweb.csproj", "{37A2238D-06E6-4AC8-93A3-8C040C12C3A2}"
EndProject
Global
	GlobalSection(SolutionConfigurationPlatforms) = preSolution
		Debug|Any CPU = Debug|Any CPU
		Release|Any CPU = Release|Any CPU
	EndGlobalSection
	GlobalSection(ProjectConfigurationPlatforms) = postSolution
		{E944A868-67DE-40A9-92B1-64D911915E73}.Debug|Any CPU.ActiveCfg = Debug|Any CPU
		{E944A868-67DE-40A9-92B1-64D911915E73}.Debug|Any CPU.Build.0 = Debug|Any CPU
		{E944A868-67DE-40A9-92B1-64D911915E73}.Release|Any CPU.ActiveCfg = Release|Any CPU
		{E944A868-67DE-40A9-92B1-64D911915E73}.Release|Any CPU.Build.0 = Release|Any CPU
		{CA35082B-57F9-424D-9CAF-7C8C31CDD17B}.Debug|Any CPU.ActiveCfg = Debug|Any CPU
		{CA35082B-57F9-424D-9CAF-7C8C31CDD17B}.Debug|Any CPU.Build.0 = Debug|Any CPU
		{CA35082B-57F9-424D-9CAF-7C8C31CDD17B}.Release|Any CPU.ActiveCfg = Release|Any CPU
		{CA35082B-57F9-424D-9CAF-7C8C31CDD17B}.Release|Any CPU.Build.0 = Release|Any CPU
		{6898D420-F604-4657-848E-42A387644962}.Debug|Any CPU.ActiveCfg = Debug|Any CPU
		{6898D420-F604-4657-848E-42A387644962}.Debug|Any CPU.Build.0 = Debug|Any CPU
		{6898D420-F604-4657-848E-42A387644962}.Release|Any CPU.ActiveCfg = Release|Any CPU
		{6898D420-F604-4657-848E-42A387644962}.Release|Any CPU.Build.0 = Release|Any CPU
		{37A2238D-06E6-4AC8-93A3-8C040C12C3A2}.Debug|Any CPU.ActiveCfg = Debug|Any CPU
		{37A2238D-06E6-4AC8-93A3-8C040C12C3A2}.Debug|Any CPU.Build.0 = Debug|Any CPU
		{37A2238D-06E6-4AC8-93A3-8C040C12C3A2}.Release|Any CPU.ActiveCfg = Release|Any CPU
		{37A2238D-06E6-4AC8-93A3-8C040C12C3A2}.Release|Any CPU.Build.0 = Release|Any CPU
	EndGlobalSection
	GlobalSection(SolutionProperties) = preSolution
		HideSolutionNode = FALSE
	EndGlobalSection
	GlobalSection(ExtensibilityGlobals) = postSolution
		SolutionGuid = {771F8AA3-825D-4A06-B804-1A2EC742BB85}
	EndGlobalSection
EndGlobal
